{
  "name": "@ghost/workbench-extension",
  "version": "1.0.0",
  "lockfileVersion": 3,
  "requires": true,
  "packages": {
    "": {
      "name": "@ghost/workbench-extension",
      "version": "1.0.0",
      "license": "MIT",
      "dependencies": {
        "@ghost/extension-sdk": "^1.0.0"
      }
    },
    "../../packages/extension-sdk": {
      "name": "@ghost/extension-sdk",
      "version": "1.0.0",
      "license": "MIT",
      "engines": {
        "node": ">=14.0.0"
      }
    },
    "node_modules/@ghost/extension-sdk": {
      "resolved": "../../packages/extension-sdk",
      "link": true
    }
  }
}
